
Microsoft Visual Studio Solution File, Format Version 12.00
# Visual Studio Version 17
VisualStudioVersion = 17.10.34928.147
MinimumVisualStudioVersion = 10.0.40219.1
Project("{FAE04EC0-301F-11D3-BF4B-00C04F79EFBC}") = "WinGet Interactive", "WinGet Interactive.csproj", "{78E8E2D1-A9E5-48AD-9343-92534056F711}"
EndProject
Global
	GlobalSection(SolutionConfigurationPlatforms) = preSolution
		Debug|Any CPU = Debug|Any CPU
		Release|Any CPU = Release|Any CPU
	EndGlobalSection
	GlobalSection(ProjectConfigurationPlatforms) = postSolution
		{78E8E2D1-A9E5-48AD-9343-92534056F711}.Debug|Any CPU.ActiveCfg = Debug|Any CPU
		{78E8E2D1-A9E5-48AD-9343-92534056F711}.Debug|Any CPU.Build.0 = Debug|Any CPU
		{78E8E2D1-A9E5-48AD-9343-92534056F711}.Release|Any CPU.ActiveCfg = Release|Any CPU
		{78E8E2D1-A9E5-48AD-9343-92534056F711}.Release|Any CPU.Build.0 = Release|Any CPU
	EndGlobalSection
	GlobalSection(SolutionProperties) = preSolution
		HideSolutionNode = FALSE
	EndGlobalSection
	GlobalSection(ExtensibilityGlobals) = postSolution
		SolutionGuid = {5DEB6AEA-173F-4794-A17D-D5B8FDFB4312}
	EndGlobalSection
EndGlobal
